{
  "version": 4,
  "terraform_version": "1.12.2",
  "serial": 9,
  "lineage": "eb1acba3-dc1b-1d2c-30de-6bdce15ee9d5",
  "outputs": {},
  "resources": [
    {
      "mode": "managed",
      "type": "github_repository",
      "name": "repo_creater",
      "provider": "provider[\"registry.terraform.io/integrations/github\"]",
      "instances": [
        {
          "schema_version": 1,
          "attributes": {
            "allow_auto_merge": false,
            "allow_merge_commit": true,
            "allow_rebase_merge": true,
            "allow_squash_merge": true,
            "allow_update_branch": false,
            "archive_on_destroy": null,
            "archived": false,
            "auto_init": true,
            "default_branch": "main",
            "delete_branch_on_merge": false,
            "description": "This repo was created by Terraform and Daniel Munoz :)",
            "etag": "W/\"bc9c510ad76ee68b19bbd8c5b0fd8c7fdafcd86209c3feab73c015b2459ee18d\"",
            "full_name": "danielmunoz1solo/my-terraform-practice-repo",
            "git_clone_url": "git://github.com/danielmunoz1solo/my-terraform-practice-repo.git",
            "gitignore_template": null,
            "has_discussions": false,
            "has_downloads": false,
            "has_issues": false,
            "has_projects": false,
            "has_wiki": false,
            "homepage_url": "",
            "html_url": "https://github.com/danielmunoz1solo/my-terraform-practice-repo",
            "http_clone_url": "https://github.com/danielmunoz1solo/my-terraform-practice-repo.git",
            "id": "my-terraform-practice-repo",
            "ignore_vulnerability_alerts_during_read": null,
            "is_template": false,
            "license_template": null,
            "merge_commit_message": "PR_TITLE",
            "merge_commit_title": "MERGE_MESSAGE",
            "name": "my-terraform-practice-repo",
            "node_id": "R_kgDOPNTO2A",
            "pages": [],
            "primary_language": "",
            "private": false,
            "repo_id": 1020579544,
            "security_and_analysis": [
              {
                "advanced_security": [],
                "secret_scanning": [
                  {
                    "status": "disabled"
                  }
                ],
                "secret_scanning_push_protection": [
                  {
                    "status": "disabled"
                  }
                ]
              }
            ],
            "squash_merge_commit_message": "COMMIT_MESSAGES",
            "squash_merge_commit_title": "COMMIT_OR_PR_TITLE",
            "ssh_clone_url": "git@github.com:danielmunoz1solo/my-terraform-practice-repo.git",
            "svn_url": "https://github.com/danielmunoz1solo/my-terraform-practice-repo",
            "template": [],
            "topics": [
              "automation",
              "terraform",
              "test-setup"
            ],
            "visibility": "public",
            "vulnerability_alerts": false,
            "web_commit_signoff_required": false
          },
          "sensitive_attributes": [],
          "identity_schema_version": 0,
          "private": "eyJzY2hlbWFfdmVyc2lvbiI6IjEifQ=="
        }
      ]
    }
  ],
  "check_results": null
}
